// !$*UTF8*$!
{
	archiveVersion = 1;
	classes = {
	};
	objectVersion = 46;
	objects = {

/* Begin PBXBuildFile section */
		1B45011F1B9D8AF500146C59 /* main.m in Sources */ = {isa = PBXBuildFile; fileRef = 1B45011E1B9D8AF500146C59 /* main.m */; };
		1B4501221B9D8AF500146C59 /* AppDelegate.m in Sources */ = {isa = PBXBuildFile; fileRef = 1B4501211B9D8AF500146C59 /* AppDelegate.m */; };
		1B4501251B9D8AF500146C59 /* ViewController.m in Sources */ = {isa = PBXBuildFile; fileRef = 1B4501241B9D8AF500146C59 /* ViewController.m */; };
		1B4501281B9D8AF500146C59 /* Main.storyboard in Resources */ = {isa = PBXBuildFile; fileRef = 1B4501261B9D8AF500146C59 /* Main.storyboard */; };
		1B45012A1B9D8AF500146C59 /* Images.xcassets in Resources */ = {isa = PBXBuildFile; fileRef = 1B4501291B9D8AF500146C59 /* Images.xcassets */; };
		1B45012D1B9D8AF500146C59 /* LaunchScreen.xib in Resources */ = {isa = PBXBuildFile; fileRef = 1B45012B1B9D8AF500146C59 /* LaunchScreen.xib */; };
		1B4501391B9D8AF500146C59 /* MyProgressViewTests.m in Sources */ = {isa = PBXBuildFile; fileRef = 1B4501381B9D8AF500146C59 /* MyProgressViewTests.m */; };
		1B4501441B9D8B6700146C59 /* MyProgressView.m in Sources */ = {isa = PBXBuildFile; fileRef = 1B4501431B9D8B6700146C59 /* MyProgressView.m */; };
		1BBD80B21B9D97C500D40B8A /* intergralMall_progressIcon@2x.png in Resources */ = {isa = PBXBuildFile; fileRef = 1BBD80B01B9D97C500D40B8A /* intergralMall_progressIcon@2x.png */; };
		1BBD80B31B9D97C500D40B8A /* intergralMall_progressIcon@3x.png in Resources */ = {isa = PBXBuildFile; fileRef = 1BBD80B11B9D97C500D40B8A /* intergralMall_progressIcon@3x.png */; };
/* End PBXBuildFile section */

/* Begin PBXContainerItemProxy section */
		1B4501331B9D8AF500146C59 /* PBXContainerItemProxy */ = {
			isa = PBXContainerItemProxy;
			containerPortal = 1B4501111B9D8AF500146C59 /* Project object */;
			proxyType = 1;
			remoteGlobalIDString = 1B4501181B9D8AF500146C59;
			remoteInfo = MyProgressView;
		};
/* End PBXContainerItemProxy section */

/* Begin PBXFileReference section */
		1B4501191B9D8AF500146C59 /* MyProgressView.app */ = {isa = PBXFileReference; explicitFileType = wrapper.application; includeInIndex = 0; path = MyProgressView.app; sourceTree = BUILT_PRODUCTS_DIR; };
		1B45011D1B9D8AF500146C59 /* Info.plist */ = {isa = PBXFileReference; lastKnownFileType = text.plist.xml; path = Info.plist; sourceTree = "<group>"; };
		1B45011E1B9D8AF500146C59 /* main.m */ = {isa = PBXFileReference; lastKnownFileType = sourcecode.c.objc; path = main.m; sourceTree = "<group>"; };
		1B4501201B9D8AF500146C59 /* AppDelegate.h */ = {isa = PBXFileReference; lastKnownFileType = sourcecode.c.h; path = AppDelegate.h; sourceTree = "<group>"; };
		1B4501211B9D8AF500146C59 /* AppDelegate.m */ = {isa = PBXFileReference; lastKnownFileType = sourcecode.c.objc; path = AppDelegate.m; sourceTree = "<group>"; };
		1B4501231B9D8AF500146C59 /* ViewController.h */ = {isa = PBXFileReference; lastKnownFileType = sourcecode.c.h; path = ViewController.h; sourceTree = "<group>"; };
		1B4501241B9D8AF500146C59 /* ViewController.m */ = {isa = PBXFileReference; lastKnownFileType = sourcecode.c.objc; path = ViewController.m; sourceTree = "<group>"; };
		1B4501271B9D8AF500146C59 /* Base */ = {isa = PBXFileReference; lastKnownFileType = file.storyboard; name = Base; path = Base.lproj/Main.storyboard; sourceTree = "<group>"; };
		1B4501291B9D8AF500146C59 /* Images.xcassets */ = {isa = PBXFileReference; lastKnownFileType = folder.assetcatalog; path = Images.xcassets; sourceTree = "<group>"; };
		1B45012C1B9D8AF500146C59 /* Base */ = {isa = PBXFileReference; lastKnownFileType = file.xib; name = Base; path = Base.lproj/LaunchScreen.xib; sourceTree = "<group>"; };
		1B4501321B9D8AF500146C59 /* MyProgressViewTests.xctest */ = {isa = PBXFileReference; explicitFileType = wrapper.cfbundle; includeInIndex = 0; path = MyProgressViewTests.xctest; sourceTree = BUILT_PRODUCTS_DIR; };
		1B4501371B9D8AF500146C59 /* Info.plist */ = {isa = PBXFileReference; lastKnownFileType = text.plist.xml; path = Info.plist; sourceTree = "<group>"; };
		1B4501381B9D8AF500146C59 /* MyProgressViewTests.m */ = {isa = PBXFileReference; lastKnownFileType = sourcecode.c.objc; path = MyProgressViewTests.m; sourceTree = "<group>"; };
		1B4501421B9D8B6700146C59 /* MyProgressView.h */ = {isa = PBXFileReference; fileEncoding = 4; lastKnownFileType = sourcecode.c.h; path = MyProgressView.h; sourceTree = "<group>"; };
		1B4501431B9D8B6700146C59 /* MyProgressView.m */ = {isa = PBXFileReference; fileEncoding = 4; lastKnownFileType = sourcecode.c.objc; path = MyProgressView.m; sourceTree = "<group>"; };
		1BBD80B01B9D97C500D40B8A /* intergralMall_progressIcon@2x.png */ = {isa = PBXFileReference; lastKnownFileType = image.png; path = "intergralMall_progressIcon@2x.png"; sourceTree = "<group>"; };
		1BBD80B11B9D97C500D40B8A /* intergralMall_progressIcon@3x.png */ = {isa = PBXFileReference; lastKnownFileType = image.png; path = "intergralMall_progressIcon@3x.png"; sourceTree = "<group>"; };
/* End PBXFileReference section */

/* Begin PBXFrameworksBuildPhase section */
		1B4501161B9D8AF500146C59 /* Frameworks */ = {
			isa = PBXFrameworksBuildPhase;
			buildActionMask = 2147483647;
			files = (
			);
			runOnlyForDeploymentPostprocessing = 0;
		};
		1B45012F1B9D8AF500146C59 /* Frameworks */ = {
			isa = PBXFrameworksBuildPhase;
			buildActionMask = 2147483647;
			files = (
			);
			runOnlyForDeploymentPostprocessing = 0;
		};
/* End PBXFrameworksBuildPhase section */

/* Begin PBXGroup section */
		1B4501101B9D8AF500146C59 = {
			isa = PBXGroup;
			children = (
				1BBD80B01B9D97C500D40B8A /* intergralMall_progressIcon@2x.png */,
				1BBD80B11B9D97C500D40B8A /* intergralMall_progressIcon@3x.png */,
				1B4501421B9D8B6700146C59 /* MyProgressView.h */,
				1B4501431B9D8B6700146C59 /* MyProgressView.m */,
				1B45011B1B9D8AF500146C59 /* MyProgressView */,
				1B4501351B9D8AF500146C59 /* MyProgressViewTests */,
				1B45011A1B9D8AF500146C59 /* Products */,
			);
			sourceTree = "<group>";
		};
		1B45011A1B9D8AF500146C59 /* Products */ = {
			isa = PBXGroup;
			children = (
				1B4501191B9D8AF500146C59 /* MyProgressView.app */,
				1B4501321B9D8AF500146C59 /* MyProgressViewTests.xctest */,
			);
			name = Products;
			sourceTree = "<group>";
		};
		1B45011B1B9D8AF500146C59 /* MyProgressView */ = {
			isa = PBXGroup;
			children = (
				1B4501201B9D8AF500146C59 /* AppDelegate.h */,
				1B4501211B9D8AF500146C59 /* AppDelegate.m */,
				1B4501231B9D8AF500146C59 /* ViewController.h */,
				1B4501241B9D8AF500146C59 /* ViewController.m */,
				1B4501261B9D8AF500146C59 /* Main.storyboard */,
				1B4501291B9D8AF500146C59 /* Images.xcassets */,
				1B45012B1B9D8AF500146C59 /* LaunchScreen.xib */,
				1B45011C1B9D8AF500146C59 /* Supporting Files */,
			);
			path = MyProgressView;
			sourceTree = "<group>";
		};
		1B45011C1B9D8AF500146C59 /* Supporting Files */ = {
			isa = PBXGroup;
			children = (
				1B45011D1B9D8AF500146C59 /* Info.plist */,
				1B45011E1B9D8AF500146C59 /* main.m */,
			);
			name = "Supporting Files";
			sourceTree = "<group>";
		};
		1B4501351B9D8AF500146C59 /* MyProgressViewTests */ = {
			isa = PBXGroup;
			children = (
				1B4501381B9D8AF500146C59 /* MyProgressViewTests.m */,
				1B4501361B9D8AF500146C59 /* Supporting Files */,
			);
			path = MyProgressViewTests;
			sourceTree = "<group>";
		};
		1B4501361B9D8AF500146C59 /* Supporting Files */ = {
			isa = PBXGroup;
			children = (
				1B4501371B9D8AF500146C59 /* Info.plist */,
			);
			name = "Supporting Files";
			sourceTree = "<group>";
		};
/* End PBXGroup section */

/* Begin PBXNativeTarget section */
		1B4501181B9D8AF500146C59 /* MyProgressView */ = {
			isa = PBXNativeTarget;
			buildConfigurationList = 1B45013C1B9D8AF500146C59 /* Build configuration list for PBXNativeTarget "MyProgressView" */;
			buildPhases = (
				1B4501151B9D8AF500146C59 /* Sources */,
				1B4501161B9D8AF500146C59 /* Frameworks */,
				1B4501171B9D8AF500146C59 /* Resources */,
			);
			buildRules = (
			);
			dependencies = (
			);
			name = MyProgressView;
			productName = MyProgressView;
			productReference = 1B4501191B9D8AF500146C59 /* MyProgressView.app */;
			productType = "com.apple.product-type.application";
		};
		1B4501311B9D8AF500146C59 /* MyProgressViewTests */ = {
			isa = PBXNativeTarget;
			buildConfigurationList = 1B45013F1B9D8AF500146C59 /* Build configuration list for PBXNativeTarget "MyProgressViewTests" */;
			buildPhases = (
				1B45012E1B9D8AF500146C59 /* Sources */,
				1B45012F1B9D8AF500146C59 /* Frameworks */,
				1B4501301B9D8AF500146C59 /* Resources */,
			);
			buildRules = (
			);
			dependencies = (
				1B4501341B9D8AF500146C59 /* PBXTargetDependency */,
			);
			name = MyProgressViewTests;
			productName = MyProgressViewTests;
			productReference = 1B4501321B9D8AF500146C59 /* MyProgressViewTests.xctest */;
			productType = "com.apple.product-type.bundle.unit-test";
		};
/* End PBXNativeTarget section */

/* Begin PBXProject section */
		1B4501111B9D8AF500146C59 /* Project object */ = {
			isa = PBXProject;
			attributes = {
				LastUpgradeCheck = 0640;
				ORGANIZATIONNAME = "蔡成汉";
				TargetAttributes = {
					1B4501181B9D8AF500146C59 = {
						CreatedOnToolsVersion = 6.4;
					};
					1B4501311B9D8AF500146C59 = {
						CreatedOnToolsVersion = 6.4;
						TestTargetID = 1B4501181B9D8AF500146C59;
					};
				};
			};
			buildConfigurationList = 1B4501141B9D8AF500146C59 /* Build configuration list for PBXProject "MyProgressView" */;
			compatibilityVersion = "Xcode 3.2";
			developmentRegion = English;
			hasScannedForEncodings = 0;
			knownRegions = (
				en,
				Base,
			);
			mainGroup = 1B4501101B9D8AF500146C59;
			productRefGroup = 1B45011A1B9D8AF500146C59 /* Products */;
			projectDirPath = "";
			projectRoot = "";
			targets = (
				1B4501181B9D8AF500146C59 /* MyProgressView */,
				1B4501311B9D8AF500146C59 /* MyProgressViewTests */,
			);
		};
/* End PBXProject section */

/* Begin PBXResourcesBuildPhase section */
		1B4501171B9D8AF500146C59 /* Resources */ = {
			isa = PBXResourcesBuildPhase;
			buildActionMask = 2147483647;
			files = (
				1B4501281B9D8AF500146C59 /* Main.storyboard in Resources */,
				1B45012D1B9D8AF500146C59 /* LaunchScreen.xib in Resources */,
				1B45012A1B9D8AF500146C59 /* Images.xcassets in Resources */,
				1BBD80B21B9D97C500D40B8A /* intergralMall_progressIcon@2x.png in Resources */,
				1BBD80B31B9D97C500D40B8A /* intergralMall_progressIcon@3x.png in Resources */,
			);
			runOnlyForDeploymentPostprocessing = 0;
		};
		1B4501301B9D8AF500146C59 /* Resources */ = {
			isa = PBXResourcesBuildPhase;
			buildActionMask = 2147483647;
			files = (
			);
			runOnlyForDeploymentPostprocessing = 0;
		};
/* End PBXResourcesBuildPhase section */

/* Begin PBXSourcesBuildPhase section */
		1B4501151B9D8AF500146C59 /* Sources */ = {
			isa = PBXSourcesBuildPhase;
			buildActionMask = 2147483647;
			files = (
				1B4501251B9D8AF500146C59 /* ViewController.m in Sources */,
				1B4501441B9D8B6700146C59 /* MyProgressView.m in Sources */,
				1B4501221B9D8AF500146C59 /* AppDelegate.m in Sources */,
				1B45011F1B9D8AF500146C59 /* main.m in Sources */,
			);
			runOnlyForDeploymentPostprocessing = 0;
		};
		1B45012E1B9D8AF500146C59 /* Sources */ = {
			isa = PBXSourcesBuildPhase;
			buildActionMask = 2147483647;
			files = (
				1B4501391B9D8AF500146C59 /* MyProgressViewTests.m in Sources */,
			);
			runOnlyForDeploymentPostprocessing = 0;
		};
/* End PBXSourcesBuildPhase section */

/* Begin PBXTargetDependency section */
		1B4501341B9D8AF500146C59 /* PBXTargetDependency */ = {
			isa = PBXTargetDependency;
			target = 1B4501181B9D8AF500146C59 /* MyProgressView */;
			targetProxy = 1B4501331B9D8AF500146C59 /* PBXContainerItemProxy */;
		};
/* End PBXTargetDependency section */

/* Begin PBXVariantGroup section */
		1B4501261B9D8AF500146C59 /* Main.storyboard */ = {
			isa = PBXVariantGroup;
			children = (
				1B4501271B9D8AF500146C59 /* Base */,
			);
			name = Main.storyboard;
			sourceTree = "<group>";
		};
		1B45012B1B9D8AF500146C59 /* LaunchScreen.xib */ = {
			isa = PBXVariantGroup;
			children = (
				1B45012C1B9D8AF500146C59 /* Base */,
			);
			name = LaunchScreen.xib;
			sourceTree = "<group>";
		};
/* End PBXVariantGroup section */

/* Begin XCBuildConfiguration section */
		1B45013A1B9D8AF500146C59 /* Debug */ = {
			isa = XCBuildConfiguration;
			buildSettings = {
				ALWAYS_SEARCH_USER_PATHS = NO;
				CLANG_CXX_LANGUAGE_STANDARD = "gnu++0x";
				CLANG_CXX_LIBRARY = "libc++";
				CLANG_ENABLE_MODULES = YES;
				CLANG_ENABLE_OBJC_ARC = YES;
				CLANG_WARN_BOOL_CONVERSION = YES;
				CLANG_WARN_CONSTANT_CONVERSION = YES;
				CLANG_WARN_DIRECT_OBJC_ISA_USAGE = YES_ERROR;
				CLANG_WARN_EMPTY_BODY = YES;
				CLANG_WARN_ENUM_CONVERSION = YES;
				CLANG_WARN_INT_CONVERSION = YES;
				CLANG_WARN_OBJC_ROOT_CLASS = YES_ERROR;
				CLANG_WARN_UNREACHABLE_CODE = YES;
				CLANG_WARN__DUPLICATE_METHOD_MATCH = YES;
				"CODE_SIGN_IDENTITY[sdk=iphoneos*]" = "iPhone Developer";
				COPY_PHASE_STRIP = NO;
				DEBUG_INFORMATION_FORMAT = "dwarf-with-dsym";
				ENABLE_STRICT_OBJC_MSGSEND = YES;
				GCC_C_LANGUAGE_STANDARD = gnu99;
				GCC_DYNAMIC_NO_PIC = NO;
				GCC_NO_COMMON_BLOCKS = YES;
				GCC_OPTIMIZATION_LEVEL = 0;
				GCC_PREPROCESSOR_DEFINITIONS = (
					"DEBUG=1",
					"$(inherited)",
				);
				GCC_SYMBOLS_PRIVATE_EXTERN = NO;
				GCC_WARN_64_TO_32_BIT_CONVERSION = YES;
				GCC_WARN_ABOUT_RETURN_TYPE = YES_ERROR;
				GCC_WARN_UNDECLARED_SELECTOR = YES;
				GCC_WARN_UNINITIALIZED_AUTOS = YES_AGGRESSIVE;
				GCC_WARN_UNUSED_FUNCTION = YES;
				GCC_WARN_UNUSED_VARIABLE = YES;
				IPHONEOS_DEPLOYMENT_TARGET = 8.4;
				MTL_ENABLE_DEBUG_INFO = YES;
				ONLY_ACTIVE_ARCH = YES;
				SDKROOT = iphoneos;
			};
			name = Debug;
		};
		1B45013B1B9D8AF500146C59 /* Release */ = {
			isa = XCBuildConfiguration;
			buildSettings = {
				ALWAYS_SEARCH_USER_PATHS = NO;
				CLANG_CXX_LANGUAGE_STANDARD = "gnu++0x";
				CLANG_CXX_LIBRARY = "libc++";
				CLANG_ENABLE_MODULES = YES;
				CLANG_ENABLE_OBJC_ARC = YES;
				CLANG_WARN_BOOL_CONVERSION = YES;
				CLANG_WARN_CONSTANT_CONVERSION = YES;
				CLANG_WARN_DIRECT_OBJC_ISA_USAGE = YES_ERROR;
				CLANG_WARN_EMPTY_BODY = YES;
				CLANG_WARN_ENUM_CONVERSION = YES;
				CLANG_WARN_INT_CONVERSION = YES;
				CLANG_WARN_OBJC_ROOT_CLASS = YES_ERROR;
				CLANG_WARN_UNREACHABLE_CODE = YES;
				CLANG_WARN__DUPLICATE_METHOD_MATCH = YES;
				"CODE_SIGN_IDENTITY[sdk=iphoneos*]" = "iPhone Developer";
				COPY_PHASE_STRIP = NO;
				DEBUG_INFORMATION_FORMAT = "dwarf-with-dsym";
				ENABLE_NS_ASSERTIONS = NO;
				ENABLE_STRICT_OBJC_MSGSEND = YES;
				GCC_C_LANGUAGE_STANDARD = gnu99;
				GCC_NO_COMMON_BLOCKS = YES;
				GCC_WARN_64_TO_32_BIT_CONVERSION = YES;
				GCC_WARN_ABOUT_RETURN_TYPE = YES_ERROR;
				GCC_WARN_UNDECLARED_SELECTOR = YES;
				GCC_WARN_UNINITIALIZED_AUTOS = YES_AGGRESSIVE;
				GCC_WARN_UNUSED_FUNCTION = YES;
				GCC_WARN_UNUSED_VARIABLE = YES;
				IPHONEOS_DEPLOYMENT_TARGET = 8.4;
				MTL_ENABLE_DEBUG_INFO = NO;
				SDKROOT = iphoneos;
				VALIDATE_PRODUCT = YES;
			};
			name = Release;
		};
		1B45013D1B9D8AF500146C59 /* Debug */ = {
			isa = XCBuildConfiguration;
			buildSettings = {
				ASSETCATALOG_COMPILER_APPICON_NAME = AppIcon;
				INFOPLIST_FILE = MyProgressView/Info.plist;
				LD_RUNPATH_SEARCH_PATHS = "$(inherited) @executable_path/Frameworks";
				PRODUCT_NAME = "$(TARGET_NAME)";
			};
			name = Debug;
		};
		1B45013E1B9D8AF500146C59 /* Release */ = {
			isa = XCBuildConfiguration;
			buildSettings = {
				ASSETCATALOG_COMPILER_APPICON_NAME = AppIcon;
				INFOPLIST_FILE = MyProgressView/Info.plist;
				LD_RUNPATH_SEARCH_PATHS = "$(inherited) @executable_path/Frameworks";
				PRODUCT_NAME = "$(TARGET_NAME)";
			};
			name = Release;
		};
		1B4501401B9D8AF500146C59 /* Debug */ = {
			isa = XCBuildConfiguration;
			buildSettings = {
				BUNDLE_LOADER = "$(TEST_HOST)";
				FRAMEWORK_SEARCH_PATHS = (
					"$(SDKROOT)/Developer/Library/Frameworks",
					"$(inherited)",
				);
				GCC_PREPROCESSOR_DEFINITIONS = (
					"DEBUG=1",
					"$(inherited)",
				);
				INFOPLIST_FILE = MyProgressViewTests/Info.plist;
				LD_RUNPATH_SEARCH_PATHS = "$(inherited) @executable_path/Frameworks @loader_path/Frameworks";
				PRODUCT_NAME = "$(TARGET_NAME)";
				TEST_HOST = "$(BUILT_PRODUCTS_DIR)/MyProgressView.app/MyProgressView";
			};
			name = Debug;
		};
		1B4501411B9D8AF500146C59 /* Release */ = {
			isa = XCBuildConfiguration;
			buildSettings = {
				BUNDLE_LOADER = "$(TEST_HOST)";
				FRAMEWORK_SEARCH_PATHS = (
					"$(SDKROOT)/Developer/Library/Frameworks",
					"$(inherited)",
				);
				INFOPLIST_FILE = MyProgressViewTests/Info.plist;
				LD_RUNPATH_SEARCH_PATHS = "$(inherited) @executable_path/Frameworks @loader_path/Frameworks";
				PRODUCT_NAME = "$(TARGET_NAME)";
				TEST_HOST = "$(BUILT_PRODUCTS_DIR)/MyProgressView.app/MyProgressView";
			};
			name = Release;
		};
/* End XCBuildConfiguration section */

/* Begin XCConfigurationList section */
		1B4501141B9D8AF500146C59 /* Build configuration list for PBXProject "MyProgressView" */ = {
			isa = XCConfigurationList;
			buildConfigurations = (
				1B45013A1B9D8AF500146C59 /* Debug */,
				1B45013B1B9D8AF500146C59 /* Release */,
			);
			defaultConfigurationIsVisible = 0;
			defaultConfigurationName = Release;
		};
		1B45013C1B9D8AF500146C59 /* Build configuration list for PBXNativeTarget "MyProgressView" */ = {
			isa = XCConfigurationList;
			buildConfigurations = (
				1B45013D1B9D8AF500146C59 /* Debug */,
				1B45013E1B9D8AF500146C59 /* Release */,
			);
			defaultConfigurationIsVisible = 0;
			defaultConfigurationName = Release;
		};
		1B45013F1B9D8AF500146C59 /* Build configuration list for PBXNativeTarget "MyProgressViewTests" */ = {
			isa = XCConfigurationList;
			buildConfigurations = (
				1B4501401B9D8AF500146C59 /* Debug */,
				1B4501411B9D8AF500146C59 /* Release */,
			);
			defaultConfigurationIsVisible = 0;
			defaultConfigurationName = Release;
		};
/* End XCConfigurationList section */
	};
	rootObject = 1B4501111B9D8AF500146C59 /* Project object */;
}
